
Microsoft Visual Studio Solution File, Format Version 12.00
# Visual Studio 15
VisualStudioVersion = 15.0.26124.0
MinimumVisualStudioVersion = 15.0.26124.0
Project("{2150E333-8FDC-42A3-9474-1A3956D46DE8}") = "src", "src", "{5679D6F9-393A-4346-87E2-9DB6E57BA28C}"
EndProject
Project("{FAE04EC0-301F-11D3-BF4B-00C04F79EFBC}") = "BlazorBeforeUnload", "src\BlazorBeforeUnload\BlazorBeforeUnload.csproj", "{4A5EF630-DB69-4BAE-B856-6C94F8497E90}"
EndProject
Project("{2150E333-8FDC-42A3-9474-1A3956D46DE8}") = "sample", "sample", "{0582D7CD-DD1F-412D-9DAC-F9B2CAAE0729}"
EndProject
Project("{FAE04EC0-301F-11D3-BF4B-00C04F79EFBC}") = "BlazorBeforeUnloadSample", "sample\BlazorBeforeUnloadSample\BlazorBeforeUnloadSample.csproj", "{10CC74C4-0575-4DE2-B596-95DC30F6D449}"
EndProject
Global
	GlobalSection(SolutionConfigurationPlatforms) = preSolution
		Debug|Any CPU = Debug|Any CPU
		Debug|x64 = Debug|x64
		Debug|x86 = Debug|x86
		Release|Any CPU = Release|Any CPU
		Release|x64 = Release|x64
		Release|x86 = Release|x86
	EndGlobalSection
	GlobalSection(SolutionProperties) = preSolution
		HideSolutionNode = FALSE
	EndGlobalSection
	GlobalSection(ProjectConfigurationPlatforms) = postSolution
		{4A5EF630-DB69-4BAE-B856-6C94F8497E90}.Debug|Any CPU.ActiveCfg = Debug|Any CPU
		{4A5EF630-DB69-4BAE-B856-6C94F8497E90}.Debug|Any CPU.Build.0 = Debug|Any CPU
		{4A5EF630-DB69-4BAE-B856-6C94F8497E90}.Debug|x64.ActiveCfg = Debug|Any CPU
		{4A5EF630-DB69-4BAE-B856-6C94F8497E90}.Debug|x64.Build.0 = Debug|Any CPU
		{4A5EF630-DB69-4BAE-B856-6C94F8497E90}.Debug|x86.ActiveCfg = Debug|Any CPU
		{4A5EF630-DB69-4BAE-B856-6C94F8497E90}.Debug|x86.Build.0 = Debug|Any CPU
		{4A5EF630-DB69-4BAE-B856-6C94F8497E90}.Release|Any CPU.ActiveCfg = Release|Any CPU
		{4A5EF630-DB69-4BAE-B856-6C94F8497E90}.Release|Any CPU.Build.0 = Release|Any CPU
		{4A5EF630-DB69-4BAE-B856-6C94F8497E90}.Release|x64.ActiveCfg = Release|Any CPU
		{4A5EF630-DB69-4BAE-B856-6C94F8497E90}.Release|x64.Build.0 = Release|Any CPU
		{4A5EF630-DB69-4BAE-B856-6C94F8497E90}.Release|x86.ActiveCfg = Release|Any CPU
		{4A5EF630-DB69-4BAE-B856-6C94F8497E90}.Release|x86.Build.0 = Release|Any CPU
		{10CC74C4-0575-4DE2-B596-95DC30F6D449}.Debug|Any CPU.ActiveCfg = Debug|Any CPU
		{10CC74C4-0575-4DE2-B596-95DC30F6D449}.Debug|Any CPU.Build.0 = Debug|Any CPU
		{10CC74C4-0575-4DE2-B596-95DC30F6D449}.Debug|x64.ActiveCfg = Debug|Any CPU
		{10CC74C4-0575-4DE2-B596-95DC30F6D449}.Debug|x64.Build.0 = Debug|Any CPU
		{10CC74C4-0575-4DE2-B596-95DC30F6D449}.Debug|x86.ActiveCfg = Debug|Any CPU
		{10CC74C4-0575-4DE2-B596-95DC30F6D449}.Debug|x86.Build.0 = Debug|Any CPU
		{10CC74C4-0575-4DE2-B596-95DC30F6D449}.Release|Any CPU.ActiveCfg = Release|Any CPU
		{10CC74C4-0575-4DE2-B596-95DC30F6D449}.Release|Any CPU.Build.0 = Release|Any CPU
		{10CC74C4-0575-4DE2-B596-95DC30F6D449}.Release|x64.ActiveCfg = Release|Any CPU
		{10CC74C4-0575-4DE2-B596-95DC30F6D449}.Release|x64.Build.0 = Release|Any CPU
		{10CC74C4-0575-4DE2-B596-95DC30F6D449}.Release|x86.ActiveCfg = Release|Any CPU
		{10CC74C4-0575-4DE2-B596-95DC30F6D449}.Release|x86.Build.0 = Release|Any CPU
	EndGlobalSection
	GlobalSection(NestedProjects) = preSolution
		{4A5EF630-DB69-4BAE-B856-6C94F8497E90} = {5679D6F9-393A-4346-87E2-9DB6E57BA28C}
		{10CC74C4-0575-4DE2-B596-95DC30F6D449} = {0582D7CD-DD1F-412D-9DAC-F9B2CAAE0729}
	EndGlobalSection
EndGlobal
